<?xml version="1.0" encoding="utf-8"?>
<Project ToolsVersion="4.0" xmlns="http://schemas.microsoft.com/developer/msbuild/2003">
  <ItemGroup>
    <Filter Include="include/kdlib">
      <UniqueIdentifier>{0b84ae9d-e891-4f87-99be-612f1a49afc2}</UniqueIdentifier>
    </Filter>
    <Filter Include="win">
      <UniqueIdentifier>{7de773d0-22ec-410e-89c0-3c3e7d9dde0b}</UniqueIdentifier>
    </Filter>
    <Filter Include="dia">
      <UniqueIdentifier>{9bef224e-c7dc-45f9-936b-549fa0023db7}</UniqueIdentifier>
    </Filter>
    <Filter Include="windbg">
      <UniqueIdentifier>{01b04c58-e585-48c8-9627-4fb0c8c091e6}</UniqueIdentifier>
    </Filter>
  </ItemGroup>
  <ItemGroup>
    <ClInclude Include="..\include\kdlib\dbgengine.h">
      <Filter>include/kdlib</Filter>
    </ClInclude>
    <ClInclude Include="win\dbgmgr.h">
      <Filter>win</Filter>
    </ClInclude>
    <ClInclude Include="..\include\kdlib\exceptions.h">
      <Filter>include/kdlib</Filter>
    </ClInclude>
    <ClInclude Include="win\exceptions.h">
      <Filter>win</Filter>
    </ClInclude>
    <ClInclude Include="..\include\kdlib\module.h">
      <Filter>include/kdlib</Filter>
    </ClInclude>
    <ClInclude Include="..\include\kdlib\memaccess.h">
      <Filter>include/kdlib</Filter>
    </ClInclude>
    <ClInclude Include="stdafx.h" />
    <ClInclude Include="targetver.h" />
    <ClInclude Include="..\include\kdlib\symengine.h">
      <Filter>include/kdlib</Filter>
    </ClInclude>
    <ClInclude Include="dia\diacallback.h">
      <Filter>dia</Filter>
    </ClInclude>
    <ClInclude Include="dia\diawrapper.h">
      <Filter>dia</Filter>
    </ClInclude>
    <ClInclude Include="..\include\kdlib\dbgtypedef.h">
      <Filter>include/kdlib</Filter>
    </ClInclude>
    <ClInclude Include="..\include\kdlib\dbgcallbacks.h">
      <Filter>include/kdlib</Filter>
    </ClInclude>
    <ClInclude Include="..\include\kdlib\typeinfo.h">
      <Filter>include/kdlib</Filter>
    </ClInclude>
    <ClInclude Include="typeinfoimp.h" />
    <ClInclude Include="..\include\kdlib\typedvar.h">
      <Filter>include/kdlib</Filter>
    </ClInclude>
    <ClInclude Include="..\include\kdlib\variant.h">
      <Filter>include/kdlib</Filter>
    </ClInclude>
    <ClInclude Include="typedvarimp.h" />
    <ClInclude Include="udtfield.h" />
    <ClInclude Include="..\include\kdlib\windbg.h">
      <Filter>include/kdlib</Filter>
    </ClInclude>
    <ClInclude Include="..\include\kdlib\kdlib.h">
      <Filter>include/kdlib</Filter>
    </ClInclude>
    <ClInclude Include="..\include\kdlib\dbgio.h">
      <Filter>include/kdlib</Filter>
    </ClInclude>
    <ClInclude Include="..\include\kdlib\eventhandler.h">
      <Filter>include/kdlib</Filter>
    </ClInclude>
    <ClInclude Include="..\include\kdlib\cpucontext.h">
      <Filter>include/kdlib</Filter>
    </ClInclude>
    <ClInclude Include="..\include\kdlib\disasm.h">
      <Filter>include/kdlib</Filter>
    </ClInclude>
    <ClInclude Include="..\include\kdlib\disasmengine.h">
      <Filter>include/kdlib</Filter>
    </ClInclude>
    <ClInclude Include="..\include\kdlib\stack.h">
      <Filter>include/kdlib</Filter>
    </ClInclude>
    <ClInclude Include="..\include\kdlib\scope.h">
      <Filter>include/kdlib</Filter>
    </ClInclude>
    <ClInclude Include="moduleimp.h" />
    <ClInclude Include="processmon.h" />
  </ItemGroup>
  <ItemGroup>
    <ClCompile Include="win\dbgeng.cpp">
      <Filter>win</Filter>
    </ClCompile>
    <ClCompile Include="win\dbgmgr.cpp">
      <Filter>win</Filter>
    </ClCompile>
    <ClCompile Include="memaccess.cpp" />
    <ClCompile Include="module.cpp" />
    <ClCompile Include="win\dbgmem.cpp">
      <Filter>win</Filter>
    </ClCompile>
    <ClCompile Include="stdafx.cpp" />
    <ClCompile Include="dia\diaload.cpp">
      <Filter>dia</Filter>
    </ClCompile>
    <ClCompile Include="dia\diawrapper.cpp">
      <Filter>dia</Filter>
    </ClCompile>
    <ClCompile Include="win\sympath.cpp">
      <Filter>win</Filter>
    </ClCompile>
    <ClCompile Include="dia\diadata.cpp">
      <Filter>dia</Filter>
    </ClCompile>
    <ClCompile Include="dia\symexport.cpp">
      <Filter>dia</Filter>
    </ClCompile>
    <ClCompile Include="typeinfo.cpp" />
    <ClCompile Include="typedvar.cpp" />
    <ClCompile Include="udtfiled.cpp" />
    <ClCompile Include="windbg\windbg.cpp">
      <Filter>windbg</Filter>
    </ClCompile>
    <ClCompile Include="dbgio.cpp" />
    <ClCompile Include="cpucontext.cpp" />
    <ClCompile Include="disasm.cpp" />
    <ClCompile Include="win\dbgmod.cpp">
      <Filter>win</Filter>
    </ClCompile>
    <ClCompile Include="stack.cpp" />
    <ClCompile Include="customtypes.cpp" />
    <ClCompile Include="processmon.cpp" />
  </ItemGroup>
</Project>